// !$*UTF8*$!
{
	archiveVersion = 1;
	classes = {
	};
	objectVersion = 54;
	objects = {

/* Begin PBXBuildFile section */
		007F394191644354A626F9BC /* Poppins-Black.ttf in Resources */ = {isa = PBXBuildFile; fileRef = 7813187C8EE843D182EA7DE5 /* Poppins-Black.ttf */; };
		00E356F31AD99517003FC87E /* KeyEliteTests.m in Sources */ = {isa = PBXBuildFile; fileRef = 00E356F21AD99517003FC87E /* KeyEliteTests.m */; };
		02F27CE9B9B248ABA0740C80 /* Poppins-Thin.ttf in Resources */ = {isa = PBXBuildFile; fileRef = 7A4F1186D3AA4A45ADE1D0C9 /* Poppins-Thin.ttf */; };
		0974BCCF09324D51BC2970E4 /* PlusJakartaSans-ExtraBold.ttf in Resources */ = {isa = PBXBuildFile; fileRef = 2DAF74A52D16440A8116A8C4 /* PlusJakartaSans-ExtraBold.ttf */; };
		0C80B921A6F3F58F76C31292 /* libPods-KeyElite.a in Frameworks */ = {isa = PBXBuildFile; fileRef = 5DCACB8F33CDC322A6C60F78 /* libPods-KeyElite.a */; };
		13B07FBC1A68108700A75B9A /* AppDelegate.mm in Sources */ = {isa = PBXBuildFile; fileRef = 13B07FB01A68108700A75B9A /* AppDelegate.mm */; };
		13B07FBF1A68108700A75B9A /* Images.xcassets in Resources */ = {isa = PBXBuildFile; fileRef = 13B07FB51A68108700A75B9A /* Images.xcassets */; };
		13B07FC11A68108700A75B9A /* main.m in Sources */ = {isa = PBXBuildFile; fileRef = 13B07FB71A68108700A75B9A /* main.m */; };
		1C4EACC0BB014E6784CCB9BA /* PlusJakartaSans-Medium.ttf in Resources */ = {isa = PBXBuildFile; fileRef = 2B4EAF40B12C4A2E8DC39CF3 /* PlusJakartaSans-Medium.ttf */; };
		2E1FAA5677B24A5DAD63E44C /* Poppins-Light.ttf in Resources */ = {isa = PBXBuildFile; fileRef = ADC0A3B0204D4D1F8A404F75 /* Poppins-Light.ttf */; };
		564B52B9DB8F4B16A336AF98 /* PlusJakartaSans-SemiBold.ttf in Resources */ = {isa = PBXBuildFile; fileRef = C935FB3B0EC34A7B8D70B281 /* PlusJakartaSans-SemiBold.ttf */; };
		66C02349CC9146A5AFDD3C25 /* PlusJakartaSans-Bold.ttf in Resources */ = {isa = PBXBuildFile; fileRef = ECDAF5AE5C69480E94ABE1FE /* PlusJakartaSans-Bold.ttf */; };
		7699B88040F8A987B510C191 /* libPods-KeyElite-KeyEliteTests.a in Frameworks */ = {isa = PBXBuildFile; fileRef = 19F6CBCC0A4E27FBF8BF4A61 /* libPods-KeyElite-KeyEliteTests.a */; };
		7AB66BB2BECE4C78B7940463 /* Poppins-ExtraBold.ttf in Resources */ = {isa = PBXBuildFile; fileRef = 4187574EBBD9426BB2EEECE2 /* Poppins-ExtraBold.ttf */; };
		81AB9BB82411601600AC10FF /* LaunchScreen.storyboard in Resources */ = {isa = PBXBuildFile; fileRef = 81AB9BB72411601600AC10FF /* LaunchScreen.storyboard */; };
		943F3ED7A36942EDA4725AB1 /* Poppins-ExtraLight.ttf in Resources */ = {isa = PBXBuildFile; fileRef = 90A091AB7ADA43509B0C2D5D /* Poppins-ExtraLight.ttf */; };
		A044A6DAF1EF4958A67098AC /* PlusJakartaSans-Regular.ttf in Resources */ = {isa = PBXBuildFile; fileRef = 44FC18841FA647B3A16B1AB1 /* PlusJakartaSans-Regular.ttf */; };
		A3C99FF22C864B6400E09A6B /* BDSupper-Bold.ttf in Resources */ = {isa = PBXBuildFile; fileRef = A3C99FEA2C864B6400E09A6B /* BDSupper-Bold.ttf */; };
		A3C99FF32C864B6400E09A6B /* BDSupper-Regular.ttf in Resources */ = {isa = PBXBuildFile; fileRef = A3C99FEB2C864B6400E09A6B /* BDSupper-Regular.ttf */; };
		A3C99FF42C864B6400E09A6B /* HelveticaNeue-Bold.otf in Resources */ = {isa = PBXBuildFile; fileRef = A3C99FEC2C864B6400E09A6B /* HelveticaNeue-Bold.otf */; };
		A3C99FF52C864B6400E09A6B /* HelveticaNeue-Light.otf in Resources */ = {isa = PBXBuildFile; fileRef = A3C99FED2C864B6400E09A6B /* HelveticaNeue-Light.otf */; };
		A3C99FF62C864B6400E09A6B /* HelveticaNeue-Medium.otf in Resources */ = {isa = PBXBuildFile; fileRef = A3C99FEE2C864B6400E09A6B /* HelveticaNeue-Medium.otf */; };
		A3C99FF72C864B6400E09A6B /* HelveticaNeue-Regular.otf in Resources */ = {isa = PBXBuildFile; fileRef = A3C99FEF2C864B6400E09A6B /* HelveticaNeue-Regular.otf */; };
		A3C99FF82C864B6400E09A6B /* HelveticaNeue-Thin.otf in Resources */ = {isa = PBXBuildFile; fileRef = A3C99FF02C864B6400E09A6B /* HelveticaNeue-Thin.otf */; };
		A3C9A0012C864F1700E09A6B /* BDSupper-Bold.ttf in Resources */ = {isa = PBXBuildFile; fileRef = A3C99FF92C864F1700E09A6B /* BDSupper-Bold.ttf */; };
		A3C9A0022C864F1700E09A6B /* BDSupper-Regular.ttf in Resources */ = {isa = PBXBuildFile; fileRef = A3C99FFA2C864F1700E09A6B /* BDSupper-Regular.ttf */; };
		A3C9A0032C864F1700E09A6B /* HelveticaNeue-Bold.otf in Resources */ = {isa = PBXBuildFile; fileRef = A3C99FFB2C864F1700E09A6B /* HelveticaNeue-Bold.otf */; };
		A3C9A0042C864F1700E09A6B /* HelveticaNeue-Light.otf in Resources */ = {isa = PBXBuildFile; fileRef = A3C99FFC2C864F1700E09A6B /* HelveticaNeue-Light.otf */; };
		A3C9A0052C864F1700E09A6B /* HelveticaNeue-Medium.otf in Resources */ = {isa = PBXBuildFile; fileRef = A3C99FFD2C864F1700E09A6B /* HelveticaNeue-Medium.otf */; };
		A3C9A0062C864F1700E09A6B /* HelveticaNeue-Regular.otf in Resources */ = {isa = PBXBuildFile; fileRef = A3C99FFE2C864F1700E09A6B /* HelveticaNeue-Regular.otf */; };
		A3C9A0072C864F1700E09A6B /* HelveticaNeue-Thin.otf in Resources */ = {isa = PBXBuildFile; fileRef = A3C99FFF2C864F1700E09A6B /* HelveticaNeue-Thin.otf */; };
		B034DE20611242C88A9720B6 /* Poppins-SemiBold.ttf in Resources */ = {isa = PBXBuildFile; fileRef = 1717625A90A349BC97B50B24 /* Poppins-SemiBold.ttf */; };
		B5BA30F3B901487999CAB6EB /* PrivacyInfo.xcprivacy in Resources */ = {isa = PBXBuildFile; fileRef = 6A45958E391758ACAFB572E2 /* PrivacyInfo.xcprivacy */; };
		C57213C942B14738ABCF9518 /* Poppins-Bold.ttf in Resources */ = {isa = PBXBuildFile; fileRef = 4804C31BBE504D31AD39BAA5 /* Poppins-Bold.ttf */; };
		CD9C9657EC3842E19210DDCE /* Poppins-Medium.ttf in Resources */ = {isa = PBXBuildFile; fileRef = 3C7FAE0C68514C078F8E3EDB /* Poppins-Medium.ttf */; };
		E5AF3EF4C3A14EFC9969CD3A /* Poppins-Regular.ttf in Resources */ = {isa = PBXBuildFile; fileRef = 8EFB588C729348C39E82B940 /* Poppins-Regular.ttf */; };
		F67B7218B20B4319AFABCCF8 /* PlusJakartaSans-Light.ttf in Resources */ = {isa = PBXBuildFile; fileRef = 85EB031649C04361A7F0C72A /* PlusJakartaSans-Light.ttf */; };
		FEE39DAAE5D04B2CAD4954D4 /* PlusJakartaSans-ExtraLight.ttf in Resources */ = {isa = PBXBuildFile; fileRef = 51A9BAB25A1844CF8C4BD838 /* PlusJakartaSans-ExtraLight.ttf */; };
/* End PBXBuildFile section */

/* Begin PBXContainerItemProxy section */
		00E356F41AD99517003FC87E /* PBXContainerItemProxy */ = {
			isa = PBXContainerItemProxy;
			containerPortal = 83CBB9F71A601CBA00E9B192 /* Project object */;
			proxyType = 1;
			remoteGlobalIDString = 13B07F861A680F5B00A75B9A;
			remoteInfo = KeyElite;
		};
/* End PBXContainerItemProxy section */

/* Begin PBXFileReference section */
		00E356EE1AD99517003FC87E /* KeyEliteTests.xctest */ = {isa = PBXFileReference; explicitFileType = wrapper.cfbundle; includeInIndex = 0; path = KeyEliteTests.xctest; sourceTree = BUILT_PRODUCTS_DIR; };
		00E356F11AD99517003FC87E /* Info.plist */ = {isa = PBXFileReference; lastKnownFileType = text.plist.xml; path = Info.plist; sourceTree = "<group>"; };
		00E356F21AD99517003FC87E /* KeyEliteTests.m */ = {isa = PBXFileReference; lastKnownFileType = sourcecode.c.objc; path = KeyEliteTests.m; sourceTree = "<group>"; };
		13B07F961A680F5B00A75B9A /* KeyElite.app */ = {isa = PBXFileReference; explicitFileType = wrapper.application; includeInIndex = 0; path = KeyElite.app; sourceTree = BUILT_PRODUCTS_DIR; };
		13B07FAF1A68108700A75B9A /* AppDelegate.h */ = {isa = PBXFileReference; fileEncoding = 4; lastKnownFileType = sourcecode.c.h; name = AppDelegate.h; path = KeyElite/AppDelegate.h; sourceTree = "<group>"; };
		13B07FB01A68108700A75B9A /* AppDelegate.mm */ = {isa = PBXFileReference; fileEncoding = 4; lastKnownFileType = sourcecode.cpp.objcpp; name = AppDelegate.mm; path = KeyElite/AppDelegate.mm; sourceTree = "<group>"; };
		13B07FB51A68108700A75B9A /* Images.xcassets */ = {isa = PBXFileReference; lastKnownFileType = folder.assetcatalog; name = Images.xcassets; path = KeyElite/Images.xcassets; sourceTree = "<group>"; };
		13B07FB61A68108700A75B9A /* Info.plist */ = {isa = PBXFileReference; fileEncoding = 4; lastKnownFileType = text.plist.xml; name = Info.plist; path = KeyElite/Info.plist; sourceTree = "<group>"; };
		13B07FB71A68108700A75B9A /* main.m */ = {isa = PBXFileReference; fileEncoding = 4; lastKnownFileType = sourcecode.c.objc; name = main.m; path = KeyElite/main.m; sourceTree = "<group>"; };
		13B07FB81A68108700A75B9A /* PrivacyInfo.xcprivacy */ = {isa = PBXFileReference; fileEncoding = 4; lastKnownFileType = text.plist.xml; name = PrivacyInfo.xcprivacy; path = KeyElite/PrivacyInfo.xcprivacy; sourceTree = "<group>"; };
		1717625A90A349BC97B50B24 /* Poppins-SemiBold.ttf */ = {isa = PBXFileReference; explicitFileType = undefined; fileEncoding = undefined; includeInIndex = 0; lastKnownFileType = unknown; name = "Poppins-SemiBold.ttf"; path = "../src/assets/fonts/Poppins-SemiBold.ttf"; sourceTree = "<group>"; };
		19F6CBCC0A4E27FBF8BF4A61 /* libPods-KeyElite-KeyEliteTests.a */ = {isa = PBXFileReference; explicitFileType = archive.ar; includeInIndex = 0; path = "libPods-KeyElite-KeyEliteTests.a"; sourceTree = BUILT_PRODUCTS_DIR; };
		2B4EAF40B12C4A2E8DC39CF3 /* PlusJakartaSans-Medium.ttf */ = {isa = PBXFileReference; explicitFileType = undefined; fileEncoding = undefined; includeInIndex = 0; lastKnownFileType = unknown; name = "PlusJakartaSans-Medium.ttf"; path = "../src/assets/fonts/PlusJakartaSans-Medium.ttf"; sourceTree = "<group>"; };
		2DAF74A52D16440A8116A8C4 /* PlusJakartaSans-ExtraBold.ttf */ = {isa = PBXFileReference; explicitFileType = undefined; fileEncoding = undefined; includeInIndex = 0; lastKnownFileType = unknown; name = "PlusJakartaSans-ExtraBold.ttf"; path = "../src/assets/fonts/PlusJakartaSans-ExtraBold.ttf"; sourceTree = "<group>"; };
		3B4392A12AC88292D35C810B /* Pods-KeyElite.debug.xcconfig */ = {isa = PBXFileReference; includeInIndex = 1; lastKnownFileType = text.xcconfig; name = "Pods-KeyElite.debug.xcconfig"; path = "Target Support Files/Pods-KeyElite/Pods-KeyElite.debug.xcconfig"; sourceTree = "<group>"; };
		3C7FAE0C68514C078F8E3EDB /* Poppins-Medium.ttf */ = {isa = PBXFileReference; explicitFileType = undefined; fileEncoding = undefined; includeInIndex = 0; lastKnownFileType = unknown; name = "Poppins-Medium.ttf"; path = "../src/assets/fonts/Poppins-Medium.ttf"; sourceTree = "<group>"; };
		4187574EBBD9426BB2EEECE2 /* Poppins-ExtraBold.ttf */ = {isa = PBXFileReference; explicitFileType = undefined; fileEncoding = undefined; includeInIndex = 0; lastKnownFileType = unknown; name = "Poppins-ExtraBold.ttf"; path = "../src/assets/fonts/Poppins-ExtraBold.ttf"; sourceTree = "<group>"; };
		44FC18841FA647B3A16B1AB1 /* PlusJakartaSans-Regular.ttf */ = {isa = PBXFileReference; explicitFileType = undefined; fileEncoding = undefined; includeInIndex = 0; lastKnownFileType = unknown; name = "PlusJakartaSans-Regular.ttf"; path = "../src/assets/fonts/PlusJakartaSans-Regular.ttf"; sourceTree = "<group>"; };
		4804C31BBE504D31AD39BAA5 /* Poppins-Bold.ttf */ = {isa = PBXFileReference; explicitFileType = undefined; fileEncoding = undefined; includeInIndex = 0; lastKnownFileType = unknown; name = "Poppins-Bold.ttf"; path = "../src/assets/fonts/Poppins-Bold.ttf"; sourceTree = "<group>"; };
		51A9BAB25A1844CF8C4BD838 /* PlusJakartaSans-ExtraLight.ttf */ = {isa = PBXFileReference; explicitFileType = undefined; fileEncoding = undefined; includeInIndex = 0; lastKnownFileType = unknown; name = "PlusJakartaSans-ExtraLight.ttf"; path = "../src/assets/fonts/PlusJakartaSans-ExtraLight.ttf"; sourceTree = "<group>"; };
		5709B34CF0A7D63546082F79 /* Pods-KeyElite.release.xcconfig */ = {isa = PBXFileReference; includeInIndex = 1; lastKnownFileType = text.xcconfig; name = "Pods-KeyElite.release.xcconfig"; path = "Target Support Files/Pods-KeyElite/Pods-KeyElite.release.xcconfig"; sourceTree = "<group>"; };
		5B7EB9410499542E8C5724F5 /* Pods-KeyElite-KeyEliteTests.debug.xcconfig */ = {isa = PBXFileReference; includeInIndex = 1; lastKnownFileType = text.xcconfig; name = "Pods-KeyElite-KeyEliteTests.debug.xcconfig"; path = "Target Support Files/Pods-KeyElite-KeyEliteTests/Pods-KeyElite-KeyEliteTests.debug.xcconfig"; sourceTree = "<group>"; };
		5DCACB8F33CDC322A6C60F78 /* libPods-KeyElite.a */ = {isa = PBXFileReference; explicitFileType = archive.ar; includeInIndex = 0; path = "libPods-KeyElite.a"; sourceTree = BUILT_PRODUCTS_DIR; };
		6A45958E391758ACAFB572E2 /* PrivacyInfo.xcprivacy */ = {isa = PBXFileReference; includeInIndex = 1; lastKnownFileType = text.xml; name = PrivacyInfo.xcprivacy; path = KeyElite/PrivacyInfo.xcprivacy; sourceTree = "<group>"; };
		7813187C8EE843D182EA7DE5 /* Poppins-Black.ttf */ = {isa = PBXFileReference; explicitFileType = undefined; fileEncoding = undefined; includeInIndex = 0; lastKnownFileType = unknown; name = "Poppins-Black.ttf"; path = "../src/assets/fonts/Poppins-Black.ttf"; sourceTree = "<group>"; };
		7A4F1186D3AA4A45ADE1D0C9 /* Poppins-Thin.ttf */ = {isa = PBXFileReference; explicitFileType = undefined; fileEncoding = undefined; includeInIndex = 0; lastKnownFileType = unknown; name = "Poppins-Thin.ttf"; path = "../src/assets/fonts/Poppins-Thin.ttf"; sourceTree = "<group>"; };
		81AB9BB72411601600AC10FF /* LaunchScreen.storyboard */ = {isa = PBXFileReference; fileEncoding = 4; lastKnownFileType = file.storyboard; name = LaunchScreen.storyboard; path = KeyElite/LaunchScreen.storyboard; sourceTree = "<group>"; };
		85EB031649C04361A7F0C72A /* PlusJakartaSans-Light.ttf */ = {isa = PBXFileReference; explicitFileType = undefined; fileEncoding = undefined; includeInIndex = 0; lastKnownFileType = unknown; name = "PlusJakartaSans-Light.ttf"; path = "../src/assets/fonts/PlusJakartaSans-Light.ttf"; sourceTree = "<group>"; };
		89C6BE57DB24E9ADA2F236DE /* Pods-KeyElite-KeyEliteTests.release.xcconfig */ = {isa = PBXFileReference; includeInIndex = 1; lastKnownFileType = text.xcconfig; name = "Pods-KeyElite-KeyEliteTests.release.xcconfig"; path = "Target Support Files/Pods-KeyElite-KeyEliteTests/Pods-KeyElite-KeyEliteTests.release.xcconfig"; sourceTree = "<group>"; };
		8EFB588C729348C39E82B940 /* Poppins-Regular.ttf */ = {isa = PBXFileReference; explicitFileType = undefined; fileEncoding = undefined; includeInIndex = 0; lastKnownFileType = unknown; name = "Poppins-Regular.ttf"; path = "../src/assets/fonts/Poppins-Regular.ttf"; sourceTree = "<group>"; };
		90A091AB7ADA43509B0C2D5D /* Poppins-ExtraLight.ttf */ = {isa = PBXFileReference; explicitFileType = undefined; fileEncoding = undefined; includeInIndex = 0; lastKnownFileType = unknown; name = "Poppins-ExtraLight.ttf"; path = "../src/assets/fonts/Poppins-ExtraLight.ttf"; sourceTree = "<group>"; };
		A3C99FEA2C864B6400E09A6B /* BDSupper-Bold.ttf */ = {isa = PBXFileReference; lastKnownFileType = file; path = "BDSupper-Bold.ttf"; sourceTree = "<group>"; };
		A3C99FEB2C864B6400E09A6B /* BDSupper-Regular.ttf */ = {isa = PBXFileReference; lastKnownFileType = file; path = "BDSupper-Regular.ttf"; sourceTree = "<group>"; };
		A3C99FEC2C864B6400E09A6B /* HelveticaNeue-Bold.otf */ = {isa = PBXFileReference; lastKnownFileType = file; path = "HelveticaNeue-Bold.otf"; sourceTree = "<group>"; };
		A3C99FED2C864B6400E09A6B /* HelveticaNeue-Light.otf */ = {isa = PBXFileReference; lastKnownFileType = file; path = "HelveticaNeue-Light.otf"; sourceTree = "<group>"; };
		A3C99FEE2C864B6400E09A6B /* HelveticaNeue-Medium.otf */ = {isa = PBXFileReference; lastKnownFileType = file; path = "HelveticaNeue-Medium.otf"; sourceTree = "<group>"; };
		A3C99FEF2C864B6400E09A6B /* HelveticaNeue-Regular.otf */ = {isa = PBXFileReference; lastKnownFileType = file; path = "HelveticaNeue-Regular.otf"; sourceTree = "<group>"; };
		A3C99FF02C864B6400E09A6B /* HelveticaNeue-Thin.otf */ = {isa = PBXFileReference; lastKnownFileType = file; path = "HelveticaNeue-Thin.otf"; sourceTree = "<group>"; };
		A3C99FF92C864F1700E09A6B /* BDSupper-Bold.ttf */ = {isa = PBXFileReference; lastKnownFileType = file; path = "BDSupper-Bold.ttf"; sourceTree = "<group>"; };
		A3C99FFA2C864F1700E09A6B /* BDSupper-Regular.ttf */ = {isa = PBXFileReference; lastKnownFileType = file; path = "BDSupper-Regular.ttf"; sourceTree = "<group>"; };
		A3C99FFB2C864F1700E09A6B /* HelveticaNeue-Bold.otf */ = {isa = PBXFileReference; lastKnownFileType = file; path = "HelveticaNeue-Bold.otf"; sourceTree = "<group>"; };
		A3C99FFC2C864F1700E09A6B /* HelveticaNeue-Light.otf */ = {isa = PBXFileReference; lastKnownFileType = file; path = "HelveticaNeue-Light.otf"; sourceTree = "<group>"; };
		A3C99FFD2C864F1700E09A6B /* HelveticaNeue-Medium.otf */ = {isa = PBXFileReference; lastKnownFileType = file; path = "HelveticaNeue-Medium.otf"; sourceTree = "<group>"; };
		A3C99FFE2C864F1700E09A6B /* HelveticaNeue-Regular.otf */ = {isa = PBXFileReference; lastKnownFileType = file; path = "HelveticaNeue-Regular.otf"; sourceTree = "<group>"; };
		A3C99FFF2C864F1700E09A6B /* HelveticaNeue-Thin.otf */ = {isa = PBXFileReference; lastKnownFileType = file; path = "HelveticaNeue-Thin.otf"; sourceTree = "<group>"; };
		ADC0A3B0204D4D1F8A404F75 /* Poppins-Light.ttf */ = {isa = PBXFileReference; explicitFileType = undefined; fileEncoding = undefined; includeInIndex = 0; lastKnownFileType = unknown; name = "Poppins-Light.ttf"; path = "../src/assets/fonts/Poppins-Light.ttf"; sourceTree = "<group>"; };
		C935FB3B0EC34A7B8D70B281 /* PlusJakartaSans-SemiBold.ttf */ = {isa = PBXFileReference; explicitFileType = undefined; fileEncoding = undefined; includeInIndex = 0; lastKnownFileType = unknown; name = "PlusJakartaSans-SemiBold.ttf"; path = "../src/assets/fonts/PlusJakartaSans-SemiBold.ttf"; sourceTree = "<group>"; };
		ECDAF5AE5C69480E94ABE1FE /* PlusJakartaSans-Bold.ttf */ = {isa = PBXFileReference; explicitFileType = undefined; fileEncoding = undefined; includeInIndex = 0; lastKnownFileType = unknown; name = "PlusJakartaSans-Bold.ttf"; path = "../src/assets/fonts/PlusJakartaSans-Bold.ttf"; sourceTree = "<group>"; };
		ED297162215061F000B7C4FE /* JavaScriptCore.framework */ = {isa = PBXFileReference; lastKnownFileType = wrapper.framework; name = JavaScriptCore.framework; path = System/Library/Frameworks/JavaScriptCore.framework; sourceTree = SDKROOT; };
/* End PBXFileReference section */

/* Begin PBXFrameworksBuildPhase section */
		00E356EB1AD99517003FC87E /* Frameworks */ = {
			isa = PBXFrameworksBuildPhase;
			buildActionMask = 2147483647;
			files = (
				7699B88040F8A987B510C191 /* libPods-KeyElite-KeyEliteTests.a in Frameworks */,
			);
			runOnlyForDeploymentPostprocessing = 0;
		};
		13B07F8C1A680F5B00A75B9A /* Frameworks */ = {
			isa = PBXFrameworksBuildPhase;
			buildActionMask = 2147483647;
			files = (
				0C80B921A6F3F58F76C31292 /* libPods-KeyElite.a in Frameworks */,
			);
			runOnlyForDeploymentPostprocessing = 0;
		};
/* End PBXFrameworksBuildPhase section */

/* Begin PBXGroup section */
		00E356EF1AD99517003FC87E /* KeyEliteTests */ = {
			isa = PBXGroup;
			children = (
				00E356F21AD99517003FC87E /* KeyEliteTests.m */,
				00E356F01AD99517003FC87E /* Supporting Files */,
			);
			path = KeyEliteTests;
			sourceTree = "<group>";
		};
		00E356F01AD99517003FC87E /* Supporting Files */ = {
			isa = PBXGroup;
			children = (
				00E356F11AD99517003FC87E /* Info.plist */,
			);
			name = "Supporting Files";
			sourceTree = "<group>";
		};
		13B07FAE1A68108700A75B9A /* KeyElite */ = {
			isa = PBXGroup;
			children = (
				13B07FAF1A68108700A75B9A /* AppDelegate.h */,
				13B07FB01A68108700A75B9A /* AppDelegate.mm */,
				13B07FB51A68108700A75B9A /* Images.xcassets */,
				13B07FB61A68108700A75B9A /* Info.plist */,
				81AB9BB72411601600AC10FF /* LaunchScreen.storyboard */,
				13B07FB71A68108700A75B9A /* main.m */,
				13B07FB81A68108700A75B9A /* PrivacyInfo.xcprivacy */,
				6A45958E391758ACAFB572E2 /* PrivacyInfo.xcprivacy */,
			);
			name = KeyElite;
			sourceTree = "<group>";
		};
		159ECE8396CF4D1098D97ED6 /* Resources */ = {
			isa = PBXGroup;
			children = (
				ECDAF5AE5C69480E94ABE1FE /* PlusJakartaSans-Bold.ttf */,
				2DAF74A52D16440A8116A8C4 /* PlusJakartaSans-ExtraBold.ttf */,
				51A9BAB25A1844CF8C4BD838 /* PlusJakartaSans-ExtraLight.ttf */,
				85EB031649C04361A7F0C72A /* PlusJakartaSans-Light.ttf */,
				2B4EAF40B12C4A2E8DC39CF3 /* PlusJakartaSans-Medium.ttf */,
				44FC18841FA647B3A16B1AB1 /* PlusJakartaSans-Regular.ttf */,
				C935FB3B0EC34A7B8D70B281 /* PlusJakartaSans-SemiBold.ttf */,
				7813187C8EE843D182EA7DE5 /* Poppins-Black.ttf */,
				4804C31BBE504D31AD39BAA5 /* Poppins-Bold.ttf */,
				4187574EBBD9426BB2EEECE2 /* Poppins-ExtraBold.ttf */,
				90A091AB7ADA43509B0C2D5D /* Poppins-ExtraLight.ttf */,
				ADC0A3B0204D4D1F8A404F75 /* Poppins-Light.ttf */,
				3C7FAE0C68514C078F8E3EDB /* Poppins-Medium.ttf */,
				8EFB588C729348C39E82B940 /* Poppins-Regular.ttf */,
				1717625A90A349BC97B50B24 /* Poppins-SemiBold.ttf */,
				7A4F1186D3AA4A45ADE1D0C9 /* Poppins-Thin.ttf */,
			);
			name = Resources;
			path = "";
			sourceTree = "<group>";
		};
		2D16E6871FA4F8E400B85C8A /* Frameworks */ = {
			isa = PBXGroup;
			children = (
				ED297162215061F000B7C4FE /* JavaScriptCore.framework */,
				5DCACB8F33CDC322A6C60F78 /* libPods-KeyElite.a */,
				19F6CBCC0A4E27FBF8BF4A61 /* libPods-KeyElite-KeyEliteTests.a */,
			);
			name = Frameworks;
			sourceTree = "<group>";
		};
		832341AE1AAA6A7D00B99B32 /* Libraries */ = {
			isa = PBXGroup;
			children = (
			);
			name = Libraries;
			sourceTree = "<group>";
		};
		83CBB9F61A601CBA00E9B192 = {
			isa = PBXGroup;
			children = (
				A3C99FF12C864B6400E09A6B /* fonts */,
				A3C9A0002C864F1700E09A6B /* fonts */,
				13B07FAE1A68108700A75B9A /* KeyElite */,
				832341AE1AAA6A7D00B99B32 /* Libraries */,
				00E356EF1AD99517003FC87E /* KeyEliteTests */,
				83CBBA001A601CBA00E9B192 /* Products */,
				2D16E6871FA4F8E400B85C8A /* Frameworks */,
				BBD78D7AC51CEA395F1C20DB /* Pods */,
				159ECE8396CF4D1098D97ED6 /* Resources */,
			);
			indentWidth = 2;
			sourceTree = "<group>";
			tabWidth = 2;
			usesTabs = 0;
		};
		83CBBA001A601CBA00E9B192 /* Products */ = {
			isa = PBXGroup;
			children = (
				13B07F961A680F5B00A75B9A /* KeyElite.app */,
				00E356EE1AD99517003FC87E /* KeyEliteTests.xctest */,
			);
			name = Products;
			sourceTree = "<group>";
		};
		A3C99FF12C864B6400E09A6B /* fonts */ = {
			isa = PBXGroup;
			children = (
				A3C99FEA2C864B6400E09A6B /* BDSupper-Bold.ttf */,
				A3C99FEB2C864B6400E09A6B /* BDSupper-Regular.ttf */,
				A3C99FEC2C864B6400E09A6B /* HelveticaNeue-Bold.otf */,
				A3C99FED2C864B6400E09A6B /* HelveticaNeue-Light.otf */,
				A3C99FEE2C864B6400E09A6B /* HelveticaNeue-Medium.otf */,
				A3C99FEF2C864B6400E09A6B /* HelveticaNeue-Regular.otf */,
				A3C99FF02C864B6400E09A6B /* HelveticaNeue-Thin.otf */,
			);
			name = fonts;
			path = ../src/assets/fonts;
			sourceTree = "<group>";
		};
		A3C9A0002C864F1700E09A6B /* fonts */ = {
			isa = PBXGroup;
			children = (
				A3C99FF92C864F1700E09A6B /* BDSupper-Bold.ttf */,
				A3C99FFA2C864F1700E09A6B /* BDSupper-Regular.ttf */,
				A3C99FFB2C864F1700E09A6B /* HelveticaNeue-Bold.otf */,
				A3C99FFC2C864F1700E09A6B /* HelveticaNeue-Light.otf */,
				A3C99FFD2C864F1700E09A6B /* HelveticaNeue-Medium.otf */,
				A3C99FFE2C864F1700E09A6B /* HelveticaNeue-Regular.otf */,
				A3C99FFF2C864F1700E09A6B /* HelveticaNeue-Thin.otf */,
			);
			name = fonts;
			path = ../src/assets/fonts;
			sourceTree = "<group>";
		};
		BBD78D7AC51CEA395F1C20DB /* Pods */ = {
			isa = PBXGroup;
			children = (
				3B4392A12AC88292D35C810B /* Pods-KeyElite.debug.xcconfig */,
				5709B34CF0A7D63546082F79 /* Pods-KeyElite.release.xcconfig */,
				5B7EB9410499542E8C5724F5 /* Pods-KeyElite-KeyEliteTests.debug.xcconfig */,
				89C6BE57DB24E9ADA2F236DE /* Pods-KeyElite-KeyEliteTests.release.xcconfig */,
			);
			path = Pods;
			sourceTree = "<group>";
		};
/* End PBXGroup section */

/* Begin PBXNativeTarget section */
		00E356ED1AD99517003FC87E /* KeyEliteTests */ = {
			isa = PBXNativeTarget;
			buildConfigurationList = 00E357021AD99517003FC87E /* Build configuration list for PBXNativeTarget "KeyEliteTests" */;
			buildPhases = (
				A55EABD7B0C7F3A422A6CC61 /* [CP] Check Pods Manifest.lock */,
				00E356EA1AD99517003FC87E /* Sources */,
				00E356EB1AD99517003FC87E /* Frameworks */,
				00E356EC1AD99517003FC87E /* Resources */,
				C59DA0FBD6956966B86A3779 /* [CP] Embed Pods Frameworks */,
				F6A41C54EA430FDDC6A6ED99 /* [CP] Copy Pods Resources */,
			);
			buildRules = (
			);
			dependencies = (
				00E356F51AD99517003FC87E /* PBXTargetDependency */,
			);
			name = KeyEliteTests;
			productReference = 00E356EE1AD99517003FC87E /* KeyEliteTests.xctest */;
			productType = "com.apple.product-type.bundle.unit-test";
		};
		13B07F861A680F5B00A75B9A /* KeyElite */ = {
			isa = PBXNativeTarget;
			buildConfigurationList = 13B07F931A680F5B00A75B9A /* Build configuration list for PBXNativeTarget "KeyElite" */;
			buildPhases = (
				C38B50BA6285516D6DCD4F65 /* [CP] Check Pods Manifest.lock */,
				13B07F871A680F5B00A75B9A /* Sources */,
				13B07F8C1A680F5B00A75B9A /* Frameworks */,
				13B07F8E1A680F5B00A75B9A /* Resources */,
				00DD1BFF1BD5951E006B06BC /* Bundle React Native code and images */,
				00EEFC60759A1932668264C0 /* [CP] Embed Pods Frameworks */,
				E235C05ADACE081382539298 /* [CP] Copy Pods Resources */,
			);
			buildRules = (
			);
			dependencies = (
			);
			name = KeyElite;
			productName = KeyElite;
			productReference = 13B07F961A680F5B00A75B9A /* KeyElite.app */;
			productType = "com.apple.product-type.application";
		};
/* End PBXNativeTarget section */

/* Begin PBXProject section */
		83CBB9F71A601CBA00E9B192 /* Project object */ = {
			isa = PBXProject;
			attributes = {
				LastUpgradeCheck = 1210;
				TargetAttributes = {
					00E356ED1AD99517003FC87E = {
						CreatedOnToolsVersion = 6.2;
						TestTargetID = 13B07F861A680F5B00A75B9A;
					};
					13B07F861A680F5B00A75B9A = {
						LastSwiftMigration = 1120;
					};
				};
			};
			buildConfigurationList = 83CBB9FA1A601CBA00E9B192 /* Build configuration list for PBXProject "KeyElite" */;
			compatibilityVersion = "Xcode 12.0";
			developmentRegion = en;
			hasScannedForEncodings = 0;
			knownRegions = (
				en,
				Base,
			);
			mainGroup = 83CBB9F61A601CBA00E9B192;
			productRefGroup = 83CBBA001A601CBA00E9B192 /* Products */;
			projectDirPath = "";
			projectRoot = "";
			targets = (
				13B07F861A680F5B00A75B9A /* KeyElite */,
				00E356ED1AD99517003FC87E /* KeyEliteTests */,
			);
		};
/* End PBXProject section */

/* Begin PBXResourcesBuildPhase section */
		00E356EC1AD99517003FC87E /* Resources */ = {
			isa = PBXResourcesBuildPhase;
			buildActionMask = 2147483647;
			files = (
			);
			runOnlyForDeploymentPostprocessing = 0;
		};
		13B07F8E1A680F5B00A75B9A /* Resources */ = {
			isa = PBXResourcesBuildPhase;
			buildActionMask = 2147483647;
			files = (
				A3C99FF72C864B6400E09A6B /* HelveticaNeue-Regular.otf in Resources */,
				A3C9A0062C864F1700E09A6B /* HelveticaNeue-Regular.otf in Resources */,
				A3C99FF22C864B6400E09A6B /* BDSupper-Bold.ttf in Resources */,
				A3C9A0072C864F1700E09A6B /* HelveticaNeue-Thin.otf in Resources */,
				A3C99FF42C864B6400E09A6B /* HelveticaNeue-Bold.otf in Resources */,
				A3C9A0032C864F1700E09A6B /* HelveticaNeue-Bold.otf in Resources */,
				81AB9BB82411601600AC10FF /* LaunchScreen.storyboard in Resources */,
				A3C9A0042C864F1700E09A6B /* HelveticaNeue-Light.otf in Resources */,
				A3C9A0052C864F1700E09A6B /* HelveticaNeue-Medium.otf in Resources */,
				A3C9A0022C864F1700E09A6B /* BDSupper-Regular.ttf in Resources */,
				A3C99FF32C864B6400E09A6B /* BDSupper-Regular.ttf in Resources */,
				A3C9A0012C864F1700E09A6B /* BDSupper-Bold.ttf in Resources */,
				13B07FBF1A68108700A75B9A /* Images.xcassets in Resources */,
				A3C99FF52C864B6400E09A6B /* HelveticaNeue-Light.otf in Resources */,
				B5BA30F3B901487999CAB6EB /* PrivacyInfo.xcprivacy in Resources */,
				A3C99FF62C864B6400E09A6B /* HelveticaNeue-Medium.otf in Resources */,
				A3C99FF82C864B6400E09A6B /* HelveticaNeue-Thin.otf in Resources */,
				66C02349CC9146A5AFDD3C25 /* PlusJakartaSans-Bold.ttf in Resources */,
				0974BCCF09324D51BC2970E4 /* PlusJakartaSans-ExtraBold.ttf in Resources */,
				FEE39DAAE5D04B2CAD4954D4 /* PlusJakartaSans-ExtraLight.ttf in Resources */,
				F67B7218B20B4319AFABCCF8 /* PlusJakartaSans-Light.ttf in Resources */,
				1C4EACC0BB014E6784CCB9BA /* PlusJakartaSans-Medium.ttf in Resources */,
				A044A6DAF1EF4958A67098AC /* PlusJakartaSans-Regular.ttf in Resources */,
				564B52B9DB8F4B16A336AF98 /* PlusJakartaSans-SemiBold.ttf in Resources */,
				007F394191644354A626F9BC /* Poppins-Black.ttf in Resources */,
				C57213C942B14738ABCF9518 /* Poppins-Bold.ttf in Resources */,
				7AB66BB2BECE4C78B7940463 /* Poppins-ExtraBold.ttf in Resources */,
				943F3ED7A36942EDA4725AB1 /* Poppins-ExtraLight.ttf in Resources */,
				2E1FAA5677B24A5DAD63E44C /* Poppins-Light.ttf in Resources */,
				CD9C9657EC3842E19210DDCE /* Poppins-Medium.ttf in Resources */,
				E5AF3EF4C3A14EFC9969CD3A /* Poppins-Regular.ttf in Resources */,
				B034DE20611242C88A9720B6 /* Poppins-SemiBold.ttf in Resources */,
				02F27CE9B9B248ABA0740C80 /* Poppins-Thin.ttf in Resources */,
			);
			runOnlyForDeploymentPostprocessing = 0;
		};
/* End PBXResourcesBuildPhase section */

/* Begin PBXShellScriptBuildPhase section */
		00DD1BFF1BD5951E006B06BC /* Bundle React Native code and images */ = {
			isa = PBXShellScriptBuildPhase;
			buildActionMask = 2147483647;
			files = (
			);
			inputPaths = (
				"$(SRCROOT)/.xcode.env.local",
				"$(SRCROOT)/.xcode.env",
			);
			name = "Bundle React Native code and images";
			outputPaths = (
			);
			runOnlyForDeploymentPostprocessing = 0;
			shellPath = /bin/sh;
			shellScript = "set -e\n\nWITH_ENVIRONMENT=\"$REACT_NATIVE_PATH/scripts/xcode/with-environment.sh\"\nREACT_NATIVE_XCODE=\"$REACT_NATIVE_PATH/scripts/react-native-xcode.sh\"\n\n/bin/sh -c \"$WITH_ENVIRONMENT $REACT_NATIVE_XCODE\"\n";
		};
		00EEFC60759A1932668264C0 /* [CP] Embed Pods Frameworks */ = {
			isa = PBXShellScriptBuildPhase;
			buildActionMask = 2147483647;
			files = (
			);
			inputFileListPaths = (
				"${PODS_ROOT}/Target Support Files/Pods-KeyElite/Pods-KeyElite-frameworks-${CONFIGURATION}-input-files.xcfilelist",
			);
			name = "[CP] Embed Pods Frameworks";
			outputFileListPaths = (
				"${PODS_ROOT}/Target Support Files/Pods-KeyElite/Pods-KeyElite-frameworks-${CONFIGURATION}-output-files.xcfilelist",
			);
			runOnlyForDeploymentPostprocessing = 0;
			shellPath = /bin/sh;
			shellScript = "\"${PODS_ROOT}/Target Support Files/Pods-KeyElite/Pods-KeyElite-frameworks.sh\"\n";
			showEnvVarsInLog = 0;
		};
		A55EABD7B0C7F3A422A6CC61 /* [CP] Check Pods Manifest.lock */ = {
			isa = PBXShellScriptBuildPhase;
			buildActionMask = 2147483647;
			files = (
			);
			inputFileListPaths = (
			);
			inputPaths = (
				"${PODS_PODFILE_DIR_PATH}/Podfile.lock",
				"${PODS_ROOT}/Manifest.lock",
			);
			name = "[CP] Check Pods Manifest.lock";
			outputFileListPaths = (
			);
			outputPaths = (
				"$(DERIVED_FILE_DIR)/Pods-KeyElite-KeyEliteTests-checkManifestLockResult.txt",
			);
			runOnlyForDeploymentPostprocessing = 0;
			shellPath = /bin/sh;
			shellScript = "diff \"${PODS_PODFILE_DIR_PATH}/Podfile.lock\" \"${PODS_ROOT}/Manifest.lock\" > /dev/null\nif [ $? != 0 ] ; then\n    # print error to STDERR\n    echo \"error: The sandbox is not in sync with the Podfile.lock. Run 'pod install' or update your CocoaPods installation.\" >&2\n    exit 1\nfi\n# This output is used by Xcode 'outputs' to avoid re-running this script phase.\necho \"SUCCESS\" > \"${SCRIPT_OUTPUT_FILE_0}\"\n";
			showEnvVarsInLog = 0;
		};
		C38B50BA6285516D6DCD4F65 /* [CP] Check Pods Manifest.lock */ = {
			isa = PBXShellScriptBuildPhase;
			buildActionMask = 2147483647;
			files = (
			);
			inputFileListPaths = (
			);
			inputPaths = (
				"${PODS_PODFILE_DIR_PATH}/Podfile.lock",
				"${PODS_ROOT}/Manifest.lock",
			);
			name = "[CP] Check Pods Manifest.lock";
			outputFileListPaths = (
			);
			outputPaths = (
				"$(DERIVED_FILE_DIR)/Pods-KeyElite-checkManifestLockResult.txt",
			);
			runOnlyForDeploymentPostprocessing = 0;
			shellPath = /bin/sh;
			shellScript = "diff \"${PODS_PODFILE_DIR_PATH}/Podfile.lock\" \"${PODS_ROOT}/Manifest.lock\" > /dev/null\nif [ $? != 0 ] ; then\n    # print error to STDERR\n    echo \"error: The sandbox is not in sync with the Podfile.lock. Run 'pod install' or update your CocoaPods installation.\" >&2\n    exit 1\nfi\n# This output is used by Xcode 'outputs' to avoid re-running this script phase.\necho \"SUCCESS\" > \"${SCRIPT_OUTPUT_FILE_0}\"\n";
			showEnvVarsInLog = 0;
		};
		C59DA0FBD6956966B86A3779 /* [CP] Embed Pods Frameworks */ = {
			isa = PBXShellScriptBuildPhase;
			buildActionMask = 2147483647;
			files = (
			);
			inputFileListPaths = (
				"${PODS_ROOT}/Target Support Files/Pods-KeyElite-KeyEliteTests/Pods-KeyElite-KeyEliteTests-frameworks-${CONFIGURATION}-input-files.xcfilelist",
			);
			name = "[CP] Embed Pods Frameworks";
			outputFileListPaths = (
				"${PODS_ROOT}/Target Support Files/Pods-KeyElite-KeyEliteTests/Pods-KeyElite-KeyEliteTests-frameworks-${CONFIGURATION}-output-files.xcfilelist",
			);
			runOnlyForDeploymentPostprocessing = 0;
			shellPath = /bin/sh;
			shellScript = "\"${PODS_ROOT}/Target Support Files/Pods-KeyElite-KeyEliteTests/Pods-KeyElite-KeyEliteTests-frameworks.sh\"\n";
			showEnvVarsInLog = 0;
		};
		E235C05ADACE081382539298 /* [CP] Copy Pods Resources */ = {
			isa = PBXShellScriptBuildPhase;
			buildActionMask = 2147483647;
			files = (
			);
			inputFileListPaths = (
				"${PODS_ROOT}/Target Support Files/Pods-KeyElite/Pods-KeyElite-resources-${CONFIGURATION}-input-files.xcfilelist",
			);
			name = "[CP] Copy Pods Resources";
			outputFileListPaths = (
				"${PODS_ROOT}/Target Support Files/Pods-KeyElite/Pods-KeyElite-resources-${CONFIGURATION}-output-files.xcfilelist",
			);
			runOnlyForDeploymentPostprocessing = 0;
			shellPath = /bin/sh;
			shellScript = "\"${PODS_ROOT}/Target Support Files/Pods-KeyElite/Pods-KeyElite-resources.sh\"\n";
			showEnvVarsInLog = 0;
		};
		F6A41C54EA430FDDC6A6ED99 /* [CP] Copy Pods Resources */ = {
			isa = PBXShellScriptBuildPhase;
			buildActionMask = 2147483647;
			files = (
			);
			inputFileListPaths = (
				"${PODS_ROOT}/Target Support Files/Pods-KeyElite-KeyEliteTests/Pods-KeyElite-KeyEliteTests-resources-${CONFIGURATION}-input-files.xcfilelist",
			);
			name = "[CP] Copy Pods Resources";
			outputFileListPaths = (
				"${PODS_ROOT}/Target Support Files/Pods-KeyElite-KeyEliteTests/Pods-KeyElite-KeyEliteTests-resources-${CONFIGURATION}-output-files.xcfilelist",
			);
			runOnlyForDeploymentPostprocessing = 0;
			shellPath = /bin/sh;
			shellScript = "\"${PODS_ROOT}/Target Support Files/Pods-KeyElite-KeyEliteTests/Pods-KeyElite-KeyEliteTests-resources.sh\"\n";
			showEnvVarsInLog = 0;
		};
/* End PBXShellScriptBuildPhase section */

/* Begin PBXSourcesBuildPhase section */
		00E356EA1AD99517003FC87E /* Sources */ = {
			isa = PBXSourcesBuildPhase;
			buildActionMask = 2147483647;
			files = (
				00E356F31AD99517003FC87E /* KeyEliteTests.m in Sources */,
			);
			runOnlyForDeploymentPostprocessing = 0;
		};
		13B07F871A680F5B00A75B9A /* Sources */ = {
			isa = PBXSourcesBuildPhase;
			buildActionMask = 2147483647;
			files = (
				13B07FBC1A68108700A75B9A /* AppDelegate.mm in Sources */,
				13B07FC11A68108700A75B9A /* main.m in Sources */,
			);
			runOnlyForDeploymentPostprocessing = 0;
		};
/* End PBXSourcesBuildPhase section */

/* Begin PBXTargetDependency section */
		00E356F51AD99517003FC87E /* PBXTargetDependency */ = {
			isa = PBXTargetDependency;
			target = 13B07F861A680F5B00A75B9A /* KeyElite */;
			targetProxy = 00E356F41AD99517003FC87E /* PBXContainerItemProxy */;
		};
/* End PBXTargetDependency section */

/* Begin XCBuildConfiguration section */
		00E356F61AD99517003FC87E /* Debug */ = {
			isa = XCBuildConfiguration;
			baseConfigurationReference = 5B7EB9410499542E8C5724F5 /* Pods-KeyElite-KeyEliteTests.debug.xcconfig */;
			buildSettings = {
				BUNDLE_LOADER = "$(TEST_HOST)";
				GCC_PREPROCESSOR_DEFINITIONS = (
					"DEBUG=1",
					"$(inherited)",
				);
				INFOPLIST_FILE = KeyEliteTests/Info.plist;
				IPHONEOS_DEPLOYMENT_TARGET = 13.4;
				LD_RUNPATH_SEARCH_PATHS = (
					"$(inherited)",
					"@executable_path/Frameworks",
					"@loader_path/Frameworks",
				);
				OTHER_LDFLAGS = (
					"-ObjC",
					"-lc++",
					"$(inherited)",
				);
				PRODUCT_BUNDLE_IDENTIFIER = com.keyelite;
				PRODUCT_NAME = "$(TARGET_NAME)";
				TEST_HOST = "$(BUILT_PRODUCTS_DIR)/KeyElite.app/KeyElite";
			};
			name = Debug;
		};
		00E356F71AD99517003FC87E /* Release */ = {
			isa = XCBuildConfiguration;
			baseConfigurationReference = 89C6BE57DB24E9ADA2F236DE /* Pods-KeyElite-KeyEliteTests.release.xcconfig */;
			buildSettings = {
				BUNDLE_LOADER = "$(TEST_HOST)";
				COPY_PHASE_STRIP = NO;
				INFOPLIST_FILE = KeyEliteTests/Info.plist;
				IPHONEOS_DEPLOYMENT_TARGET = 13.4;
				LD_RUNPATH_SEARCH_PATHS = (
					"$(inherited)",
					"@executable_path/Frameworks",
					"@loader_path/Frameworks",
				);
				OTHER_LDFLAGS = (
					"-ObjC",
					"-lc++",
					"$(inherited)",
				);
				PRODUCT_BUNDLE_IDENTIFIER = com.keyelite;
				PRODUCT_NAME = "$(TARGET_NAME)";
				TEST_HOST = "$(BUILT_PRODUCTS_DIR)/KeyElite.app/KeyElite";
			};
			name = Release;
		};
		13B07F941A680F5B00A75B9A /* Debug */ = {
			isa = XCBuildConfiguration;
			baseConfigurationReference = 3B4392A12AC88292D35C810B /* Pods-KeyElite.debug.xcconfig */;
			buildSettings = {
				ASSETCATALOG_COMPILER_APPICON_NAME = AppIcon;
				CLANG_ENABLE_MODULES = YES;
				CURRENT_PROJECT_VERSION = 1;
				ENABLE_BITCODE = NO;
				INFOPLIST_FILE = KeyElite/Info.plist;
				INFOPLIST_KEY_CFBundleDisplayName = KeyElite;
				LD_RUNPATH_SEARCH_PATHS = (
					"$(inherited)",
					"@executable_path/Frameworks",
				);
				MARKETING_VERSION = 1.0;
				OTHER_LDFLAGS = (
					"$(inherited)",
					"-ObjC",
					"-lc++",
				);
				PRODUCT_BUNDLE_IDENTIFIER = com.keyelite;
				PRODUCT_NAME = KeyElite;
				SWIFT_OPTIMIZATION_LEVEL = "-Onone";
				SWIFT_VERSION = 5.0;
				VERSIONING_SYSTEM = "apple-generic";
			};
			name = Debug;
		};
		13B07F951A680F5B00A75B9A /* Release */ = {
			isa = XCBuildConfiguration;
			baseConfigurationReference = 5709B34CF0A7D63546082F79 /* Pods-KeyElite.release.xcconfig */;
			buildSettings = {
				ASSETCATALOG_COMPILER_APPICON_NAME = AppIcon;
				CLANG_ENABLE_MODULES = YES;
				CURRENT_PROJECT_VERSION = 1;
				INFOPLIST_FILE = KeyElite/Info.plist;
				INFOPLIST_KEY_CFBundleDisplayName = KeyElite;
				LD_RUNPATH_SEARCH_PATHS = (
					"$(inherited)",
					"@executable_path/Frameworks",
				);
				MARKETING_VERSION = 1.0;
				OTHER_LDFLAGS = (
					"$(inherited)",
					"-ObjC",
					"-lc++",
				);
				PRODUCT_BUNDLE_IDENTIFIER = com.keyelite;
				PRODUCT_NAME = KeyElite;
				SWIFT_VERSION = 5.0;
				VERSIONING_SYSTEM = "apple-generic";
			};
			name = Release;
		};
		83CBBA201A601CBA00E9B192 /* Debug */ = {
			isa = XCBuildConfiguration;
			buildSettings = {
				ALWAYS_SEARCH_USER_PATHS = NO;
				CC = "";
				CLANG_ANALYZER_LOCALIZABILITY_NONLOCALIZED = YES;
				CLANG_CXX_LANGUAGE_STANDARD = "c++20";
				CLANG_CXX_LIBRARY = "libc++";
				CLANG_ENABLE_MODULES = YES;
				CLANG_ENABLE_OBJC_ARC = YES;
				CLANG_WARN_BLOCK_CAPTURE_AUTORELEASING = YES;
				CLANG_WARN_BOOL_CONVERSION = YES;
				CLANG_WARN_COMMA = YES;
				CLANG_WARN_CONSTANT_CONVERSION = YES;
				CLANG_WARN_DEPRECATED_OBJC_IMPLEMENTATIONS = YES;
				CLANG_WARN_DIRECT_OBJC_ISA_USAGE = YES_ERROR;
				CLANG_WARN_EMPTY_BODY = YES;
				CLANG_WARN_ENUM_CONVERSION = YES;
				CLANG_WARN_INFINITE_RECURSION = YES;
				CLANG_WARN_INT_CONVERSION = YES;
				CLANG_WARN_NON_LITERAL_NULL_CONVERSION = YES;
				CLANG_WARN_OBJC_IMPLICIT_RETAIN_SELF = YES;
				CLANG_WARN_OBJC_LITERAL_CONVERSION = YES;
				CLANG_WARN_OBJC_ROOT_CLASS = YES_ERROR;
				CLANG_WARN_QUOTED_INCLUDE_IN_FRAMEWORK_HEADER = YES;
				CLANG_WARN_RANGE_LOOP_ANALYSIS = YES;
				CLANG_WARN_STRICT_PROTOTYPES = YES;
				CLANG_WARN_SUSPICIOUS_MOVE = YES;
				CLANG_WARN_UNREACHABLE_CODE = YES;
				CLANG_WARN__DUPLICATE_METHOD_MATCH = YES;
				"CODE_SIGN_IDENTITY[sdk=iphoneos*]" = "iPhone Developer";
				COPY_PHASE_STRIP = NO;
				CXX = "";
				ENABLE_STRICT_OBJC_MSGSEND = YES;
				ENABLE_TESTABILITY = YES;
				"EXCLUDED_ARCHS[sdk=iphonesimulator*]" = i386;
				GCC_C_LANGUAGE_STANDARD = gnu99;
				GCC_DYNAMIC_NO_PIC = NO;
				GCC_NO_COMMON_BLOCKS = YES;
				GCC_OPTIMIZATION_LEVEL = 0;
				GCC_PREPROCESSOR_DEFINITIONS = (
					"DEBUG=1",
					"$(inherited)",
				);
				GCC_SYMBOLS_PRIVATE_EXTERN = NO;
				GCC_WARN_64_TO_32_BIT_CONVERSION = YES;
				GCC_WARN_ABOUT_RETURN_TYPE = YES_ERROR;
				GCC_WARN_UNDECLARED_SELECTOR = YES;
				GCC_WARN_UNINITIALIZED_AUTOS = YES_AGGRESSIVE;
				GCC_WARN_UNUSED_FUNCTION = YES;
				GCC_WARN_UNUSED_VARIABLE = YES;
				IPHONEOS_DEPLOYMENT_TARGET = 13.4;
				LD = "";
				LDPLUSPLUS = "";
				LD_RUNPATH_SEARCH_PATHS = (
					/usr/lib/swift,
					"$(inherited)",
				);
				LIBRARY_SEARCH_PATHS = (
					"\"$(SDKROOT)/usr/lib/swift\"",
					"\"$(TOOLCHAIN_DIR)/usr/lib/swift/$(PLATFORM_NAME)\"",
					"\"$(inherited)\"",
				);
				MTL_ENABLE_DEBUG_INFO = YES;
				ONLY_ACTIVE_ARCH = YES;
				OTHER_CFLAGS = "$(inherited)";
				OTHER_CPLUSPLUSFLAGS = (
					"$(OTHER_CFLAGS)",
					"-DFOLLY_NO_CONFIG",
					"-DFOLLY_MOBILE=1",
					"-DFOLLY_USE_LIBCPP=1",
					"-DFOLLY_CFG_NO_COROUTINES=1",
					"-DFOLLY_HAVE_CLOCK_GETTIME=1",
				);
				OTHER_LDFLAGS = (
					"$(inherited)",
					" ",
				);
				REACT_NATIVE_PATH = "${PODS_ROOT}/../../node_modules/react-native";
				SDKROOT = iphoneos;
				SWIFT_ACTIVE_COMPILATION_CONDITIONS = "$(inherited) DEBUG";
				USE_HERMES = true;
			};
			name = Debug;
		};
		83CBBA211A601CBA00E9B192 /* Release */ = {
			isa = XCBuildConfiguration;
			buildSettings = {
				ALWAYS_SEARCH_USER_PATHS = NO;
				CC = "";
				CLANG_ANALYZER_LOCALIZABILITY_NONLOCALIZED = YES;
				CLANG_CXX_LANGUAGE_STANDARD = "c++20";
				CLANG_CXX_LIBRARY = "libc++";
				CLANG_ENABLE_MODULES = YES;
				CLANG_ENABLE_OBJC_ARC = YES;
				CLANG_WARN_BLOCK_CAPTURE_AUTORELEASING = YES;
				CLANG_WARN_BOOL_CONVERSION = YES;
				CLANG_WARN_COMMA = YES;
				CLANG_WARN_CONSTANT_CONVERSION = YES;
				CLANG_WARN_DEPRECATED_OBJC_IMPLEMENTATIONS = YES;
				CLANG_WARN_DIRECT_OBJC_ISA_USAGE = YES_ERROR;
				CLANG_WARN_EMPTY_BODY = YES;
				CLANG_WARN_ENUM_CONVERSION = YES;
				CLANG_WARN_INFINITE_RECURSION = YES;
				CLANG_WARN_INT_CONVERSION = YES;
				CLANG_WARN_NON_LITERAL_NULL_CONVERSION = YES;
				CLANG_WARN_OBJC_IMPLICIT_RETAIN_SELF = YES;
				CLANG_WARN_OBJC_LITERAL_CONVERSION = YES;
				CLANG_WARN_OBJC_ROOT_CLASS = YES_ERROR;
				CLANG_WARN_QUOTED_INCLUDE_IN_FRAMEWORK_HEADER = YES;
				CLANG_WARN_RANGE_LOOP_ANALYSIS = YES;
				CLANG_WARN_STRICT_PROTOTYPES = YES;
				CLANG_WARN_SUSPICIOUS_MOVE = YES;
				CLANG_WARN_UNREACHABLE_CODE = YES;
				CLANG_WARN__DUPLICATE_METHOD_MATCH = YES;
				"CODE_SIGN_IDENTITY[sdk=iphoneos*]" = "iPhone Developer";
				COPY_PHASE_STRIP = YES;
				CXX = "";
				ENABLE_NS_ASSERTIONS = NO;
				ENABLE_STRICT_OBJC_MSGSEND = YES;
				"EXCLUDED_ARCHS[sdk=iphonesimulator*]" = i386;
				GCC_C_LANGUAGE_STANDARD = gnu99;
				GCC_NO_COMMON_BLOCKS = YES;
				GCC_WARN_64_TO_32_BIT_CONVERSION = YES;
				GCC_WARN_ABOUT_RETURN_TYPE = YES_ERROR;
				GCC_WARN_UNDECLARED_SELECTOR = YES;
				GCC_WARN_UNINITIALIZED_AUTOS = YES_AGGRESSIVE;
				GCC_WARN_UNUSED_FUNCTION = YES;
				GCC_WARN_UNUSED_VARIABLE = YES;
				IPHONEOS_DEPLOYMENT_TARGET = 13.4;
				LD = "";
				LDPLUSPLUS = "";
				LD_RUNPATH_SEARCH_PATHS = (
					/usr/lib/swift,
					"$(inherited)",
				);
				LIBRARY_SEARCH_PATHS = (
					"\"$(SDKROOT)/usr/lib/swift\"",
					"\"$(TOOLCHAIN_DIR)/usr/lib/swift/$(PLATFORM_NAME)\"",
					"\"$(inherited)\"",
				);
				MTL_ENABLE_DEBUG_INFO = NO;
				OTHER_CFLAGS = "$(inherited)";
				OTHER_CPLUSPLUSFLAGS = (
					"$(OTHER_CFLAGS)",
					"-DFOLLY_NO_CONFIG",
					"-DFOLLY_MOBILE=1",
					"-DFOLLY_USE_LIBCPP=1",
					"-DFOLLY_CFG_NO_COROUTINES=1",
					"-DFOLLY_HAVE_CLOCK_GETTIME=1",
				);
				OTHER_LDFLAGS = (
					"$(inherited)",
					" ",
				);
				REACT_NATIVE_PATH = "${PODS_ROOT}/../../node_modules/react-native";
				SDKROOT = iphoneos;
				USE_HERMES = true;
				VALIDATE_PRODUCT = YES;
			};
			name = Release;
		};
/* End XCBuildConfiguration section */

/* Begin XCConfigurationList section */
		00E357021AD99517003FC87E /* Build configuration list for PBXNativeTarget "KeyEliteTests" */ = {
			isa = XCConfigurationList;
			buildConfigurations = (
				00E356F61AD99517003FC87E /* Debug */,
				00E356F71AD99517003FC87E /* Release */,
			);
			defaultConfigurationIsVisible = 0;
			defaultConfigurationName = Release;
		};
		13B07F931A680F5B00A75B9A /* Build configuration list for PBXNativeTarget "KeyElite" */ = {
			isa = XCConfigurationList;
			buildConfigurations = (
				13B07F941A680F5B00A75B9A /* Debug */,
				13B07F951A680F5B00A75B9A /* Release */,
			);
			defaultConfigurationIsVisible = 0;
			defaultConfigurationName = Release;
		};
		83CBB9FA1A601CBA00E9B192 /* Build configuration list for PBXProject "KeyElite" */ = {
			isa = XCConfigurationList;
			buildConfigurations = (
				83CBBA201A601CBA00E9B192 /* Debug */,
				83CBBA211A601CBA00E9B192 /* Release */,
			);
			defaultConfigurationIsVisible = 0;
			defaultConfigurationName = Release;
		};
/* End XCConfigurationList section */
	};
	rootObject = 83CBB9F71A601CBA00E9B192 /* Project object */;
}
